// !$*UTF8*$!
{
	archiveVersion = 1;
	classes = {
	};
	objectVersion = 55;
	objects = {

/* Begin PBXBuildFile section */
		9CDCD225292033BA0098D91D /* View Model.swift in Sources */ = {isa = PBXBuildFile; fileRef = 9CDCD224292033BA0098D91D /* View Model.swift */; };
		9CDCD227292034710098D91D /* Tab1View.swift in Sources */ = {isa = PBXBuildFile; fileRef = 9CDCD226292034710098D91D /* Tab1View.swift */; };
		9CDCD229292034820098D91D /* Tab2View.swift in Sources */ = {isa = PBXBuildFile; fileRef = 9CDCD228292034820098D91D /* Tab2View.swift */; };
		9CDCD22B292034A10098D91D /* Attractions.swift in Sources */ = {isa = PBXBuildFile; fileRef = 9CDCD22A292034A10098D91D /* Attractions.swift */; };
		AA5BA2CB291EA99F00CF6D05 /* GCCTourGuideApp.swift in Sources */ = {isa = PBXBuildFile; fileRef = AA5BA2CA291EA99F00CF6D05 /* GCCTourGuideApp.swift */; };
		AA5BA2CD291EA99F00CF6D05 /* ContentView.swift in Sources */ = {isa = PBXBuildFile; fileRef = AA5BA2CC291EA99F00CF6D05 /* ContentView.swift */; };
		AA5BA2CF291EA9A500CF6D05 /* Assets.xcassets in Resources */ = {isa = PBXBuildFile; fileRef = AA5BA2CE291EA9A500CF6D05 /* Assets.xcassets */; };
		AA5BA2D2291EA9A500CF6D05 /* Preview Assets.xcassets in Resources */ = {isa = PBXBuildFile; fileRef = AA5BA2D1291EA9A500CF6D05 /* Preview Assets.xcassets */; };
/* End PBXBuildFile section */

/* Begin PBXFileReference section */
		9CDCD224292033BA0098D91D /* View Model.swift */ = {isa = PBXFileReference; lastKnownFileType = sourcecode.swift; path = "View Model.swift"; sourceTree = "<group>"; };
		9CDCD226292034710098D91D /* Tab1View.swift */ = {isa = PBXFileReference; lastKnownFileType = sourcecode.swift; path = Tab1View.swift; sourceTree = "<group>"; };
		9CDCD228292034820098D91D /* Tab2View.swift */ = {isa = PBXFileReference; lastKnownFileType = sourcecode.swift; path = Tab2View.swift; sourceTree = "<group>"; };
		9CDCD22A292034A10098D91D /* Attractions.swift */ = {isa = PBXFileReference; lastKnownFileType = sourcecode.swift; path = Attractions.swift; sourceTree = "<group>"; };
		AA5BA2C7291EA99F00CF6D05 /* GCCTourGuide.app */ = {isa = PBXFileReference; explicitFileType = wrapper.application; includeInIndex = 0; path = GCCTourGuide.app; sourceTree = BUILT_PRODUCTS_DIR; };
		AA5BA2CA291EA99F00CF6D05 /* GCCTourGuideApp.swift */ = {isa = PBXFileReference; lastKnownFileType = sourcecode.swift; path = GCCTourGuideApp.swift; sourceTree = "<group>"; };
		AA5BA2CC291EA99F00CF6D05 /* ContentView.swift */ = {isa = PBXFileReference; lastKnownFileType = sourcecode.swift; path = ContentView.swift; sourceTree = "<group>"; };
		AA5BA2CE291EA9A500CF6D05 /* Assets.xcassets */ = {isa = PBXFileReference; lastKnownFileType = folder.assetcatalog; path = Assets.xcassets; sourceTree = "<group>"; };
		AA5BA2D1291EA9A500CF6D05 /* Preview Assets.xcassets */ = {isa = PBXFileReference; lastKnownFileType = folder.assetcatalog; path = "Preview Assets.xcassets"; sourceTree = "<group>"; };
/* End PBXFileReference section */

/* Begin PBXFrameworksBuildPhase section */
		AA5BA2C4291EA99F00CF6D05 /* Frameworks */ = {
			isa = PBXFrameworksBuildPhase;
			buildActionMask = 2147483647;
			files = (
			);
			runOnlyForDeploymentPostprocessing = 0;
		};
/* End PBXFrameworksBuildPhase section */

/* Begin PBXGroup section */
		9CDCD2212920335A0098D91D /* Models */ = {
			isa = PBXGroup;
			children = (
				9CDCD22A292034A10098D91D /* Attractions.swift */,
			);
			path = Models;
			sourceTree = "<group>";
		};
		9CDCD222292033670098D91D /* Views */ = {
			isa = PBXGroup;
			children = (
				AA5BA2CC291EA99F00CF6D05 /* ContentView.swift */,
				9CDCD226292034710098D91D /* Tab1View.swift */,
				9CDCD228292034820098D91D /* Tab2View.swift */,
			);
			path = Views;
			sourceTree = "<group>";
		};
		9CDCD2232920337E0098D91D /* ViewModel */ = {
			isa = PBXGroup;
			children = (
				9CDCD224292033BA0098D91D /* View Model.swift */,
			);
			path = ViewModel;
			sourceTree = "<group>";
		};
		AA5BA2BE291EA99F00CF6D05 = {
			isa = PBXGroup;
			children = (
				9CDCD2232920337E0098D91D /* ViewModel */,
				9CDCD222292033670098D91D /* Views */,
				9CDCD2212920335A0098D91D /* Models */,
				AA5BA2C9291EA99F00CF6D05 /* GCCTourGuide */,
				AA5BA2C8291EA99F00CF6D05 /* Products */,
			);
			sourceTree = "<group>";
		};
		AA5BA2C8291EA99F00CF6D05 /* Products */ = {
			isa = PBXGroup;
			children = (
				AA5BA2C7291EA99F00CF6D05 /* GCCTourGuide.app */,
			);
			name = Products;
			sourceTree = "<group>";
		};
		AA5BA2C9291EA99F00CF6D05 /* GCCTourGuide */ = {
			isa = PBXGroup;
			children = (
				AA5BA2CA291EA99F00CF6D05 /* GCCTourGuideApp.swift */,
				AA5BA2CE291EA9A500CF6D05 /* Assets.xcassets */,
				AA5BA2D0291EA9A500CF6D05 /* Preview Content */,
			);
			path = GCCTourGuide;
			sourceTree = "<group>";
		};
		AA5BA2D0291EA9A500CF6D05 /* Preview Content */ = {
			isa = PBXGroup;
			children = (
				AA5BA2D1291EA9A500CF6D05 /* Preview Assets.xcassets */,
			);
			path = "Preview Content";
			sourceTree = "<group>";
		};
/* End PBXGroup section */

/* Begin PBXNativeTarget section */
		AA5BA2C6291EA99F00CF6D05 /* GCCTourGuide */ = {
			isa = PBXNativeTarget;
			buildConfigurationList = AA5BA2D5291EA9A500CF6D05 /* Build configuration list for PBXNativeTarget "GCCTourGuide" */;
			buildPhases = (
				AA5BA2C3291EA99F00CF6D05 /* Sources */,
				AA5BA2C4291EA99F00CF6D05 /* Frameworks */,
				AA5BA2C5291EA99F00CF6D05 /* Resources */,
			);
			buildRules = (
			);
			dependencies = (
			);
			name = GCCTourGuide;
			productName = GCCTourGuide;
			productReference = AA5BA2C7291EA99F00CF6D05 /* GCCTourGuide.app */;
			productType = "com.apple.product-type.application";
		};
/* End PBXNativeTarget section */

/* Begin PBXProject section */
		AA5BA2BF291EA99F00CF6D05 /* Project object */ = {
			isa = PBXProject;
			attributes = {
				BuildIndependentTargetsInParallel = 1;
				LastSwiftUpdateCheck = 1340;
				LastUpgradeCheck = 1340;
				TargetAttributes = {
					AA5BA2C6291EA99F00CF6D05 = {
						CreatedOnToolsVersion = 13.4.1;
					};
				};
			};
			buildConfigurationList = AA5BA2C2291EA99F00CF6D05 /* Build configuration list for PBXProject "GCCTourGuide" */;
			compatibilityVersion = "Xcode 13.0";
			developmentRegion = en;
			hasScannedForEncodings = 0;
			knownRegions = (
				en,
				Base,
			);
			mainGroup = AA5BA2BE291EA99F00CF6D05;
			productRefGroup = AA5BA2C8291EA99F00CF6D05 /* Products */;
			projectDirPath = "";
			projectRoot = "";
			targets = (
				AA5BA2C6291EA99F00CF6D05 /* GCCTourGuide */,
			);
		};
/* End PBXProject section */

/* Begin PBXResourcesBuildPhase section */
		AA5BA2C5291EA99F00CF6D05 /* Resources */ = {
			isa = PBXResourcesBuildPhase;
			buildActionMask = 2147483647;
			files = (
				AA5BA2D2291EA9A500CF6D05 /* Preview Assets.xcassets in Resources */,
				AA5BA2CF291EA9A500CF6D05 /* Assets.xcassets in Resources */,
			);
			runOnlyForDeploymentPostprocessing = 0;
		};
/* End PBXResourcesBuildPhase section */

/* Begin PBXSourcesBuildPhase section */
		AA5BA2C3291EA99F00CF6D05 /* Sources */ = {
			isa = PBXSourcesBuildPhase;
			buildActionMask = 2147483647;
			files = (
				9CDCD227292034710098D91D /* Tab1View.swift in Sources */,
				9CDCD225292033BA0098D91D /* View Model.swift in Sources */,
				9CDCD22B292034A10098D91D /* Attractions.swift in Sources */,
				AA5BA2CD291EA99F00CF6D05 /* ContentView.swift in Sources */,
				AA5BA2CB291EA99F00CF6D05 /* GCCTourGuideApp.swift in Sources */,
				9CDCD229292034820098D91D /* Tab2View.swift in Sources */,
			);
			runOnlyForDeploymentPostprocessing = 0;
		};
/* End PBXSourcesBuildPhase section */

/* Begin XCBuildConfiguration section */
		AA5BA2D3291EA9A500CF6D05 /* Debug */ = {
			isa = XCBuildConfiguration;
			buildSettings = {
				ALWAYS_SEARCH_USER_PATHS = NO;
				CLANG_ANALYZER_NONNULL = YES;
				CLANG_ANALYZER_NUMBER_OBJECT_CONVERSION = YES_AGGRESSIVE;
				CLANG_CXX_LANGUAGE_STANDARD = "gnu++17";
				CLANG_ENABLE_MODULES = YES;
				CLANG_ENABLE_OBJC_ARC = YES;
				CLANG_ENABLE_OBJC_WEAK = YES;
				CLANG_WARN_BLOCK_CAPTURE_AUTORELEASING = YES;
				CLANG_WARN_BOOL_CONVERSION = YES;
				CLANG_WARN_COMMA = YES;
				CLANG_WARN_CONSTANT_CONVERSION = YES;
				CLANG_WARN_DEPRECATED_OBJC_IMPLEMENTATIONS = YES;
				CLANG_WARN_DIRECT_OBJC_ISA_USAGE = YES_ERROR;
				CLANG_WARN_DOCUMENTATION_COMMENTS = YES;
				CLANG_WARN_EMPTY_BODY = YES;
				CLANG_WARN_ENUM_CONVERSION = YES;
				CLANG_WARN_INFINITE_RECURSION = YES;
				CLANG_WARN_INT_CONVERSION = YES;
				CLANG_WARN_NON_LITERAL_NULL_CONVERSION = YES;
				CLANG_WARN_OBJC_IMPLICIT_RETAIN_SELF = YES;
				CLANG_WARN_OBJC_LITERAL_CONVERSION = YES;
				CLANG_WARN_OBJC_ROOT_CLASS = YES_ERROR;
				CLANG_WARN_QUOTED_INCLUDE_IN_FRAMEWORK_HEADER = YES;
				CLANG_WARN_RANGE_LOOP_ANALYSIS = YES;
				CLANG_WARN_STRICT_PROTOTYPES = YES;
				CLANG_WARN_SUSPICIOUS_MOVE = YES;
				CLANG_WARN_UNGUARDED_AVAILABILITY = YES_AGGRESSIVE;
				CLANG_WARN_UNREACHABLE_CODE = YES;
				CLANG_WARN__DUPLICATE_METHOD_MATCH = YES;
				COPY_PHASE_STRIP = NO;
				DEBUG_INFORMATION_FORMAT = dwarf;
				ENABLE_STRICT_OBJC_MSGSEND = YES;
				ENABLE_TESTABILITY = YES;
				GCC_C_LANGUAGE_STANDARD = gnu11;
				GCC_DYNAMIC_NO_PIC = NO;
				GCC_NO_COMMON_BLOCKS = YES;
				GCC_OPTIMIZATION_LEVEL = 0;
				GCC_PREPROCESSOR_DEFINITIONS = (
					"DEBUG=1",
					"$(inherited)",
				);
				GCC_WARN_64_TO_32_BIT_CONVERSION = YES;
				GCC_WARN_ABOUT_RETURN_TYPE = YES_ERROR;
				GCC_WARN_UNDECLARED_SELECTOR = YES;
				GCC_WARN_UNINITIALIZED_AUTOS = YES_AGGRESSIVE;
				GCC_WARN_UNUSED_FUNCTION = YES;
				GCC_WARN_UNUSED_VARIABLE = YES;
				IPHONEOS_DEPLOYMENT_TARGET = 15.5;
				MTL_ENABLE_DEBUG_INFO = INCLUDE_SOURCE;
				MTL_FAST_MATH = YES;
				ONLY_ACTIVE_ARCH = YES;
				SDKROOT = iphoneos;
				SWIFT_ACTIVE_COMPILATION_CONDITIONS = DEBUG;
				SWIFT_OPTIMIZATION_LEVEL = "-Onone";
			};
			name = Debug;
		};
		AA5BA2D4291EA9A500CF6D05 /* Release */ = {
			isa = XCBuildConfiguration;
			buildSettings = {
				ALWAYS_SEARCH_USER_PATHS = NO;
				CLANG_ANALYZER_NONNULL = YES;
				CLANG_ANALYZER_NUMBER_OBJECT_CONVERSION = YES_AGGRESSIVE;
				CLANG_CXX_LANGUAGE_STANDARD = "gnu++17";
				CLANG_ENABLE_MODULES = YES;
				CLANG_ENABLE_OBJC_ARC = YES;
				CLANG_ENABLE_OBJC_WEAK = YES;
				CLANG_WARN_BLOCK_CAPTURE_AUTORELEASING = YES;
				CLANG_WARN_BOOL_CONVERSION = YES;
				CLANG_WARN_COMMA = YES;
				CLANG_WARN_CONSTANT_CONVERSION = YES;
				CLANG_WARN_DEPRECATED_OBJC_IMPLEMENTATIONS = YES;
				CLANG_WARN_DIRECT_OBJC_ISA_USAGE = YES_ERROR;
				CLANG_WARN_DOCUMENTATION_COMMENTS = YES;
				CLANG_WARN_EMPTY_BODY = YES;
				CLANG_WARN_ENUM_CONVERSION = YES;
				CLANG_WARN_INFINITE_RECURSION = YES;
				CLANG_WARN_INT_CONVERSION = YES;
				CLANG_WARN_NON_LITERAL_NULL_CONVERSION = YES;
				CLANG_WARN_OBJC_IMPLICIT_RETAIN_SELF = YES;
				CLANG_WARN_OBJC_LITERAL_CONVERSION = YES;
				CLANG_WARN_OBJC_ROOT_CLASS = YES_ERROR;
				CLANG_WARN_QUOTED_INCLUDE_IN_FRAMEWORK_HEADER = YES;
				CLANG_WARN_RANGE_LOOP_ANALYSIS = YES;
				CLANG_WARN_STRICT_PROTOTYPES = YES;
				CLANG_WARN_SUSPICIOUS_MOVE = YES;
				CLANG_WARN_UNGUARDED_AVAILABILITY = YES_AGGRESSIVE;
				CLANG_WARN_UNREACHABLE_CODE = YES;
				CLANG_WARN__DUPLICATE_METHOD_MATCH = YES;
				COPY_PHASE_STRIP = NO;
				DEBUG_INFORMATION_FORMAT = "dwarf-with-dsym";
				ENABLE_NS_ASSERTIONS = NO;
				ENABLE_STRICT_OBJC_MSGSEND = YES;
				GCC_C_LANGUAGE_STANDARD = gnu11;
				GCC_NO_COMMON_BLOCKS = YES;
				GCC_WARN_64_TO_32_BIT_CONVERSION = YES;
				GCC_WARN_ABOUT_RETURN_TYPE = YES_ERROR;
				GCC_WARN_UNDECLARED_SELECTOR = YES;
				GCC_WARN_UNINITIALIZED_AUTOS = YES_AGGRESSIVE;
				GCC_WARN_UNUSED_FUNCTION = YES;
				GCC_WARN_UNUSED_VARIABLE = YES;
				IPHONEOS_DEPLOYMENT_TARGET = 15.5;
				MTL_ENABLE_DEBUG_INFO = NO;
				MTL_FAST_MATH = YES;
				SDKROOT = iphoneos;
				SWIFT_COMPILATION_MODE = wholemodule;
				SWIFT_OPTIMIZATION_LEVEL = "-O";
				VALIDATE_PRODUCT = YES;
			};
			name = Release;
		};
		AA5BA2D6291EA9A500CF6D05 /* Debug */ = {
			isa = XCBuildConfiguration;
			buildSettings = {
				ASSETCATALOG_COMPILER_APPICON_NAME = AppIcon;
				ASSETCATALOG_COMPILER_GLOBAL_ACCENT_COLOR_NAME = AccentColor;
				CODE_SIGN_STYLE = Automatic;
				CURRENT_PROJECT_VERSION = 1;
				DEVELOPMENT_ASSET_PATHS = "\"GCCTourGuide/Preview Content\"";
				ENABLE_PREVIEWS = YES;
				GENERATE_INFOPLIST_FILE = YES;
				INFOPLIST_KEY_UIApplicationSceneManifest_Generation = YES;
				INFOPLIST_KEY_UIApplicationSupportsIndirectInputEvents = YES;
				INFOPLIST_KEY_UILaunchScreen_Generation = YES;
				INFOPLIST_KEY_UISupportedInterfaceOrientations_iPad = "UIInterfaceOrientationPortrait UIInterfaceOrientationPortraitUpsideDown UIInterfaceOrientationLandscapeLeft UIInterfaceOrientationLandscapeRight";
				INFOPLIST_KEY_UISupportedInterfaceOrientations_iPhone = "UIInterfaceOrientationPortrait UIInterfaceOrientationLandscapeLeft UIInterfaceOrientationLandscapeRight";
				LD_RUNPATH_SEARCH_PATHS = (
					"$(inherited)",
					"@executable_path/Frameworks",
				);
				MARKETING_VERSION = 1.0;
				PRODUCT_BUNDLE_IDENTIFIER = bigChungus.GCCTourGuide;
				PRODUCT_NAME = "$(TARGET_NAME)";
				SWIFT_EMIT_LOC_STRINGS = YES;
				SWIFT_VERSION = 5.0;
				TARGETED_DEVICE_FAMILY = "1,2";
			};
			name = Debug;
		};
		AA5BA2D7291EA9A500CF6D05 /* Release */ = {
			isa = XCBuildConfiguration;
			buildSettings = {
				ASSETCATALOG_COMPILER_APPICON_NAME = AppIcon;
				ASSETCATALOG_COMPILER_GLOBAL_ACCENT_COLOR_NAME = AccentColor;
				CODE_SIGN_STYLE = Automatic;
				CURRENT_PROJECT_VERSION = 1;
				DEVELOPMENT_ASSET_PATHS = "\"GCCTourGuide/Preview Content\"";
				ENABLE_PREVIEWS = YES;
				GENERATE_INFOPLIST_FILE = YES;
				INFOPLIST_KEY_UIApplicationSceneManifest_Generation = YES;
				INFOPLIST_KEY_UIApplicationSupportsIndirectInputEvents = YES;
				INFOPLIST_KEY_UILaunchScreen_Generation = YES;
				INFOPLIST_KEY_UISupportedInterfaceOrientations_iPad = "UIInterfaceOrientationPortrait UIInterfaceOrientationPortraitUpsideDown UIInterfaceOrientationLandscapeLeft UIInterfaceOrientationLandscapeRight";
				INFOPLIST_KEY_UISupportedInterfaceOrientations_iPhone = "UIInterfaceOrientationPortrait UIInterfaceOrientationLandscapeLeft UIInterfaceOrientationLandscapeRight";
				LD_RUNPATH_SEARCH_PATHS = (
					"$(inherited)",
					"@executable_path/Frameworks",
				);
				MARKETING_VERSION = 1.0;
				PRODUCT_BUNDLE_IDENTIFIER = bigChungus.GCCTourGuide;
				PRODUCT_NAME = "$(TARGET_NAME)";
				SWIFT_EMIT_LOC_STRINGS = YES;
				SWIFT_VERSION = 5.0;
				TARGETED_DEVICE_FAMILY = "1,2";
			};
			name = Release;
		};
/* End XCBuildConfiguration section */

/* Begin XCConfigurationList section */
		AA5BA2C2291EA99F00CF6D05 /* Build configuration list for PBXProject "GCCTourGuide" */ = {
			isa = XCConfigurationList;
			buildConfigurations = (
				AA5BA2D3291EA9A500CF6D05 /* Debug */,
				AA5BA2D4291EA9A500CF6D05 /* Release */,
			);
			defaultConfigurationIsVisible = 0;
			defaultConfigurationName = Release;
		};
		AA5BA2D5291EA9A500CF6D05 /* Build configuration list for PBXNativeTarget "GCCTourGuide" */ = {
			isa = XCConfigurationList;
			buildConfigurations = (
				AA5BA2D6291EA9A500CF6D05 /* Debug */,
				AA5BA2D7291EA9A500CF6D05 /* Release */,
			);
			defaultConfigurationIsVisible = 0;
			defaultConfigurationName = Release;
		};
/* End XCConfigurationList section */
	};
	rootObject = AA5BA2BF291EA99F00CF6D05 /* Project object */;
}
